
Microsoft Visual Studio Solution File, Format Version 12.00
# Visual Studio Version 16
VisualStudioVersion = 16.0.29609.76
MinimumVisualStudioVersion = 10.0.40219.1
Project("{FAE04EC0-301F-11D3-BF4B-00C04F79EFBC}") = "CommentDetective", "CommentDetective.csproj", "{563A2BC4-1C59-47D6-B95C-4779B03A234B}"
EndProject
Global
	GlobalSection(SolutionConfigurationPlatforms) = preSolution
		Debug|Any CPU = Debug|Any CPU
		Release|Any CPU = Release|Any CPU
	EndGlobalSection
	GlobalSection(ProjectConfigurationPlatforms) = postSolution
		{563A2BC4-1C59-47D6-B95C-4779B03A234B}.Debug|Any CPU.ActiveCfg = Debug|Any CPU
		{563A2BC4-1C59-47D6-B95C-4779B03A234B}.Debug|Any CPU.Build.0 = Debug|Any CPU
		{563A2BC4-1C59-47D6-B95C-4779B03A234B}.Release|Any CPU.ActiveCfg = Release|Any CPU
		{563A2BC4-1C59-47D6-B95C-4779B03A234B}.Release|Any CPU.Build.0 = Release|Any CPU
	EndGlobalSection
	GlobalSection(SolutionProperties) = preSolution
		HideSolutionNode = FALSE
	EndGlobalSection
	GlobalSection(ExtensibilityGlobals) = postSolution
		SolutionGuid = {4D371323-FF70-42E5-A34D-0BBCD477B9CC}
	EndGlobalSection
EndGlobal
